// !$*UTF8*$!
{
	archiveVersion = 1;
	classes = {
	};
	objectVersion = 50;
	objects = {

/* Begin PBXBuildFile section */
		A8462BB227C772CB005D5D0B /* AppDelegate.swift in Sources */ = {isa = PBXBuildFile; fileRef = A8462BB127C772CB005D5D0B /* AppDelegate.swift */; };
		A8462BB427C772CB005D5D0B /* SceneDelegate.swift in Sources */ = {isa = PBXBuildFile; fileRef = A8462BB327C772CB005D5D0B /* SceneDelegate.swift */; };
		A8462BB627C772CB005D5D0B /* ViewController.swift in Sources */ = {isa = PBXBuildFile; fileRef = A8462BB527C772CB005D5D0B /* ViewController.swift */; };
		A8462BB927C772CB005D5D0B /* Main.storyboard in Resources */ = {isa = PBXBuildFile; fileRef = A8462BB727C772CB005D5D0B /* Main.storyboard */; };
		A8462BBC27C772CB005D5D0B /* SwiftPlaygroundThree.xcdatamodeld in Sources */ = {isa = PBXBuildFile; fileRef = A8462BBA27C772CB005D5D0B /* SwiftPlaygroundThree.xcdatamodeld */; };
		A8462BBE27C772CC005D5D0B /* Assets.xcassets in Resources */ = {isa = PBXBuildFile; fileRef = A8462BBD27C772CC005D5D0B /* Assets.xcassets */; };
		A8462BC127C772CC005D5D0B /* LaunchScreen.storyboard in Resources */ = {isa = PBXBuildFile; fileRef = A8462BBF27C772CC005D5D0B /* LaunchScreen.storyboard */; };
		A8462BCC27C772CC005D5D0B /* SwiftPlaygroundThreeTests.swift in Sources */ = {isa = PBXBuildFile; fileRef = A8462BCB27C772CC005D5D0B /* SwiftPlaygroundThreeTests.swift */; };
		A8462BD727C772CC005D5D0B /* SwiftPlaygroundThreeUITests.swift in Sources */ = {isa = PBXBuildFile; fileRef = A8462BD627C772CC005D5D0B /* SwiftPlaygroundThreeUITests.swift */; };
/* End PBXBuildFile section */

/* Begin PBXContainerItemProxy section */
		A8462BC827C772CC005D5D0B /* PBXContainerItemProxy */ = {
			isa = PBXContainerItemProxy;
			containerPortal = A8462BA627C772CB005D5D0B /* Project object */;
			proxyType = 1;
			remoteGlobalIDString = A8462BAD27C772CB005D5D0B;
			remoteInfo = SwiftPlaygroundThree;
		};
		A8462BD327C772CC005D5D0B /* PBXContainerItemProxy */ = {
			isa = PBXContainerItemProxy;
			containerPortal = A8462BA627C772CB005D5D0B /* Project object */;
			proxyType = 1;
			remoteGlobalIDString = A8462BAD27C772CB005D5D0B;
			remoteInfo = SwiftPlaygroundThree;
		};
/* End PBXContainerItemProxy section */

/* Begin PBXFileReference section */
		A8462BAE27C772CB005D5D0B /* SwiftPlaygroundThree.app */ = {isa = PBXFileReference; explicitFileType = wrapper.application; includeInIndex = 0; path = SwiftPlaygroundThree.app; sourceTree = BUILT_PRODUCTS_DIR; };
		A8462BB127C772CB005D5D0B /* AppDelegate.swift */ = {isa = PBXFileReference; lastKnownFileType = sourcecode.swift; path = AppDelegate.swift; sourceTree = "<group>"; };
		A8462BB327C772CB005D5D0B /* SceneDelegate.swift */ = {isa = PBXFileReference; lastKnownFileType = sourcecode.swift; path = SceneDelegate.swift; sourceTree = "<group>"; };
		A8462BB527C772CB005D5D0B /* ViewController.swift */ = {isa = PBXFileReference; lastKnownFileType = sourcecode.swift; path = ViewController.swift; sourceTree = "<group>"; };
		A8462BB827C772CB005D5D0B /* Base */ = {isa = PBXFileReference; lastKnownFileType = file.storyboard; name = Base; path = Base.lproj/Main.storyboard; sourceTree = "<group>"; };
		A8462BBB27C772CB005D5D0B /* SwiftPlaygroundThree.xcdatamodel */ = {isa = PBXFileReference; lastKnownFileType = wrapper.xcdatamodel; path = SwiftPlaygroundThree.xcdatamodel; sourceTree = "<group>"; };
		A8462BBD27C772CC005D5D0B /* Assets.xcassets */ = {isa = PBXFileReference; lastKnownFileType = folder.assetcatalog; path = Assets.xcassets; sourceTree = "<group>"; };
		A8462BC027C772CC005D5D0B /* Base */ = {isa = PBXFileReference; lastKnownFileType = file.storyboard; name = Base; path = Base.lproj/LaunchScreen.storyboard; sourceTree = "<group>"; };
		A8462BC227C772CC005D5D0B /* Info.plist */ = {isa = PBXFileReference; lastKnownFileType = text.plist.xml; path = Info.plist; sourceTree = "<group>"; };
		A8462BC727C772CC005D5D0B /* SwiftPlaygroundThreeTests.xctest */ = {isa = PBXFileReference; explicitFileType = wrapper.cfbundle; includeInIndex = 0; path = SwiftPlaygroundThreeTests.xctest; sourceTree = BUILT_PRODUCTS_DIR; };
		A8462BCB27C772CC005D5D0B /* SwiftPlaygroundThreeTests.swift */ = {isa = PBXFileReference; lastKnownFileType = sourcecode.swift; path = SwiftPlaygroundThreeTests.swift; sourceTree = "<group>"; };
		A8462BCD27C772CC005D5D0B /* Info.plist */ = {isa = PBXFileReference; lastKnownFileType = text.plist.xml; path = Info.plist; sourceTree = "<group>"; };
		A8462BD227C772CC005D5D0B /* SwiftPlaygroundThreeUITests.xctest */ = {isa = PBXFileReference; explicitFileType = wrapper.cfbundle; includeInIndex = 0; path = SwiftPlaygroundThreeUITests.xctest; sourceTree = BUILT_PRODUCTS_DIR; };
		A8462BD627C772CC005D5D0B /* SwiftPlaygroundThreeUITests.swift */ = {isa = PBXFileReference; lastKnownFileType = sourcecode.swift; path = SwiftPlaygroundThreeUITests.swift; sourceTree = "<group>"; };
		A8462BD827C772CC005D5D0B /* Info.plist */ = {isa = PBXFileReference; lastKnownFileType = text.plist.xml; path = Info.plist; sourceTree = "<group>"; };
/* End PBXFileReference section */

/* Begin PBXFrameworksBuildPhase section */
		A8462BAB27C772CB005D5D0B /* Frameworks */ = {
			isa = PBXFrameworksBuildPhase;
			buildActionMask = 2147483647;
			files = (
			);
			runOnlyForDeploymentPostprocessing = 0;
		};
		A8462BC427C772CC005D5D0B /* Frameworks */ = {
			isa = PBXFrameworksBuildPhase;
			buildActionMask = 2147483647;
			files = (
			);
			runOnlyForDeploymentPostprocessing = 0;
		};
		A8462BCF27C772CC005D5D0B /* Frameworks */ = {
			isa = PBXFrameworksBuildPhase;
			buildActionMask = 2147483647;
			files = (
			);
			runOnlyForDeploymentPostprocessing = 0;
		};
/* End PBXFrameworksBuildPhase section */

/* Begin PBXGroup section */
		A8462BA527C772CB005D5D0B = {
			isa = PBXGroup;
			children = (
				A8462BB027C772CB005D5D0B /* SwiftPlaygroundThree */,
				A8462BCA27C772CC005D5D0B /* SwiftPlaygroundThreeTests */,
				A8462BD527C772CC005D5D0B /* SwiftPlaygroundThreeUITests */,
				A8462BAF27C772CB005D5D0B /* Products */,
			);
			sourceTree = "<group>";
		};
		A8462BAF27C772CB005D5D0B /* Products */ = {
			isa = PBXGroup;
			children = (
				A8462BAE27C772CB005D5D0B /* SwiftPlaygroundThree.app */,
				A8462BC727C772CC005D5D0B /* SwiftPlaygroundThreeTests.xctest */,
				A8462BD227C772CC005D5D0B /* SwiftPlaygroundThreeUITests.xctest */,
			);
			name = Products;
			sourceTree = "<group>";
		};
		A8462BB027C772CB005D5D0B /* SwiftPlaygroundThree */ = {
			isa = PBXGroup;
			children = (
				A8462BB127C772CB005D5D0B /* AppDelegate.swift */,
				A8462BB327C772CB005D5D0B /* SceneDelegate.swift */,
				A8462BB527C772CB005D5D0B /* ViewController.swift */,
				A8462BB727C772CB005D5D0B /* Main.storyboard */,
				A8462BBD27C772CC005D5D0B /* Assets.xcassets */,
				A8462BBF27C772CC005D5D0B /* LaunchScreen.storyboard */,
				A8462BC227C772CC005D5D0B /* Info.plist */,
				A8462BBA27C772CB005D5D0B /* SwiftPlaygroundThree.xcdatamodeld */,
			);
			path = SwiftPlaygroundThree;
			sourceTree = "<group>";
		};
		A8462BCA27C772CC005D5D0B /* SwiftPlaygroundThreeTests */ = {
			isa = PBXGroup;
			children = (
				A8462BCB27C772CC005D5D0B /* SwiftPlaygroundThreeTests.swift */,
				A8462BCD27C772CC005D5D0B /* Info.plist */,
			);
			path = SwiftPlaygroundThreeTests;
			sourceTree = "<group>";
		};
		A8462BD527C772CC005D5D0B /* SwiftPlaygroundThreeUITests */ = {
			isa = PBXGroup;
			children = (
				A8462BD627C772CC005D5D0B /* SwiftPlaygroundThreeUITests.swift */,
				A8462BD827C772CC005D5D0B /* Info.plist */,
			);
			path = SwiftPlaygroundThreeUITests;
			sourceTree = "<group>";
		};
/* End PBXGroup section */

/* Begin PBXNativeTarget section */
		A8462BAD27C772CB005D5D0B /* SwiftPlaygroundThree */ = {
			isa = PBXNativeTarget;
			buildConfigurationList = A8462BDB27C772CC005D5D0B /* Build configuration list for PBXNativeTarget "SwiftPlaygroundThree" */;
			buildPhases = (
				A8462BAA27C772CB005D5D0B /* Sources */,
				A8462BAB27C772CB005D5D0B /* Frameworks */,
				A8462BAC27C772CB005D5D0B /* Resources */,
			);
			buildRules = (
			);
			dependencies = (
			);
			name = SwiftPlaygroundThree;
			productName = SwiftPlaygroundThree;
			productReference = A8462BAE27C772CB005D5D0B /* SwiftPlaygroundThree.app */;
			productType = "com.apple.product-type.application";
		};
		A8462BC627C772CC005D5D0B /* SwiftPlaygroundThreeTests */ = {
			isa = PBXNativeTarget;
			buildConfigurationList = A8462BDE27C772CC005D5D0B /* Build configuration list for PBXNativeTarget "SwiftPlaygroundThreeTests" */;
			buildPhases = (
				A8462BC327C772CC005D5D0B /* Sources */,
				A8462BC427C772CC005D5D0B /* Frameworks */,
				A8462BC527C772CC005D5D0B /* Resources */,
			);
			buildRules = (
			);
			dependencies = (
				A8462BC927C772CC005D5D0B /* PBXTargetDependency */,
			);
			name = SwiftPlaygroundThreeTests;
			productName = SwiftPlaygroundThreeTests;
			productReference = A8462BC727C772CC005D5D0B /* SwiftPlaygroundThreeTests.xctest */;
			productType = "com.apple.product-type.bundle.unit-test";
		};
		A8462BD127C772CC005D5D0B /* SwiftPlaygroundThreeUITests */ = {
			isa = PBXNativeTarget;
			buildConfigurationList = A8462BE127C772CC005D5D0B /* Build configuration list for PBXNativeTarget "SwiftPlaygroundThreeUITests" */;
			buildPhases = (
				A8462BCE27C772CC005D5D0B /* Sources */,
				A8462BCF27C772CC005D5D0B /* Frameworks */,
				A8462BD027C772CC005D5D0B /* Resources */,
			);
			buildRules = (
			);
			dependencies = (
				A8462BD427C772CC005D5D0B /* PBXTargetDependency */,
			);
			name = SwiftPlaygroundThreeUITests;
			productName = SwiftPlaygroundThreeUITests;
			productReference = A8462BD227C772CC005D5D0B /* SwiftPlaygroundThreeUITests.xctest */;
			productType = "com.apple.product-type.bundle.ui-testing";
		};
/* End PBXNativeTarget section */

/* Begin PBXProject section */
		A8462BA627C772CB005D5D0B /* Project object */ = {
			isa = PBXProject;
			attributes = {
				LastSwiftUpdateCheck = 1130;
				LastUpgradeCheck = 1130;
				ORGANIZATIONNAME = jurican;
				TargetAttributes = {
					A8462BAD27C772CB005D5D0B = {
						CreatedOnToolsVersion = 11.3.1;
					};
					A8462BC627C772CC005D5D0B = {
						CreatedOnToolsVersion = 11.3.1;
						TestTargetID = A8462BAD27C772CB005D5D0B;
					};
					A8462BD127C772CC005D5D0B = {
						CreatedOnToolsVersion = 11.3.1;
						TestTargetID = A8462BAD27C772CB005D5D0B;
					};
				};
			};
			buildConfigurationList = A8462BA927C772CB005D5D0B /* Build configuration list for PBXProject "SwiftPlaygroundThree" */;
			compatibilityVersion = "Xcode 9.3";
			developmentRegion = en;
			hasScannedForEncodings = 0;
			knownRegions = (
				en,
				Base,
			);
			mainGroup = A8462BA527C772CB005D5D0B;
			productRefGroup = A8462BAF27C772CB005D5D0B /* Products */;
			projectDirPath = "";
			projectRoot = "";
			targets = (
				A8462BAD27C772CB005D5D0B /* SwiftPlaygroundThree */,
				A8462BC627C772CC005D5D0B /* SwiftPlaygroundThreeTests */,
				A8462BD127C772CC005D5D0B /* SwiftPlaygroundThreeUITests */,
			);
		};
/* End PBXProject section */

/* Begin PBXResourcesBuildPhase section */
		A8462BAC27C772CB005D5D0B /* Resources */ = {
			isa = PBXResourcesBuildPhase;
			buildActionMask = 2147483647;
			files = (
				A8462BC127C772CC005D5D0B /* LaunchScreen.storyboard in Resources */,
				A8462BBE27C772CC005D5D0B /* Assets.xcassets in Resources */,
				A8462BB927C772CB005D5D0B /* Main.storyboard in Resources */,
			);
			runOnlyForDeploymentPostprocessing = 0;
		};
		A8462BC527C772CC005D5D0B /* Resources */ = {
			isa = PBXResourcesBuildPhase;
			buildActionMask = 2147483647;
			files = (
			);
			runOnlyForDeploymentPostprocessing = 0;
		};
		A8462BD027C772CC005D5D0B /* Resources */ = {
			isa = PBXResourcesBuildPhase;
			buildActionMask = 2147483647;
			files = (
			);
			runOnlyForDeploymentPostprocessing = 0;
		};
/* End PBXResourcesBuildPhase section */

/* Begin PBXSourcesBuildPhase section */
		A8462BAA27C772CB005D5D0B /* Sources */ = {
			isa = PBXSourcesBuildPhase;
			buildActionMask = 2147483647;
			files = (
				A8462BB627C772CB005D5D0B /* ViewController.swift in Sources */,
				A8462BBC27C772CB005D5D0B /* SwiftPlaygroundThree.xcdatamodeld in Sources */,
				A8462BB227C772CB005D5D0B /* AppDelegate.swift in Sources */,
				A8462BB427C772CB005D5D0B /* SceneDelegate.swift in Sources */,
			);
			runOnlyForDeploymentPostprocessing = 0;
		};
		A8462BC327C772CC005D5D0B /* Sources */ = {
			isa = PBXSourcesBuildPhase;
			buildActionMask = 2147483647;
			files = (
				A8462BCC27C772CC005D5D0B /* SwiftPlaygroundThreeTests.swift in Sources */,
			);
			runOnlyForDeploymentPostprocessing = 0;
		};
		A8462BCE27C772CC005D5D0B /* Sources */ = {
			isa = PBXSourcesBuildPhase;
			buildActionMask = 2147483647;
			files = (
				A8462BD727C772CC005D5D0B /* SwiftPlaygroundThreeUITests.swift in Sources */,
			);
			runOnlyForDeploymentPostprocessing = 0;
		};
/* End PBXSourcesBuildPhase section */

/* Begin PBXTargetDependency section */
		A8462BC927C772CC005D5D0B /* PBXTargetDependency */ = {
			isa = PBXTargetDependency;
			target = A8462BAD27C772CB005D5D0B /* SwiftPlaygroundThree */;
			targetProxy = A8462BC827C772CC005D5D0B /* PBXContainerItemProxy */;
		};
		A8462BD427C772CC005D5D0B /* PBXTargetDependency */ = {
			isa = PBXTargetDependency;
			target = A8462BAD27C772CB005D5D0B /* SwiftPlaygroundThree */;
			targetProxy = A8462BD327C772CC005D5D0B /* PBXContainerItemProxy */;
		};
/* End PBXTargetDependency section */

/* Begin PBXVariantGroup section */
		A8462BB727C772CB005D5D0B /* Main.storyboard */ = {
			isa = PBXVariantGroup;
			children = (
				A8462BB827C772CB005D5D0B /* Base */,
			);
			name = Main.storyboard;
			sourceTree = "<group>";
		};
		A8462BBF27C772CC005D5D0B /* LaunchScreen.storyboard */ = {
			isa = PBXVariantGroup;
			children = (
				A8462BC027C772CC005D5D0B /* Base */,
			);
			name = LaunchScreen.storyboard;
			sourceTree = "<group>";
		};
/* End PBXVariantGroup section */

/* Begin XCBuildConfiguration section */
		A8462BD927C772CC005D5D0B /* Debug */ = {
			isa = XCBuildConfiguration;
			buildSettings = {
				ALWAYS_SEARCH_USER_PATHS = NO;
				CLANG_ANALYZER_NONNULL = YES;
				CLANG_ANALYZER_NUMBER_OBJECT_CONVERSION = YES_AGGRESSIVE;
				CLANG_CXX_LANGUAGE_STANDARD = "gnu++14";
				CLANG_CXX_LIBRARY = "libc++";
				CLANG_ENABLE_MODULES = YES;
				CLANG_ENABLE_OBJC_ARC = YES;
				CLANG_ENABLE_OBJC_WEAK = YES;
				CLANG_WARN_BLOCK_CAPTURE_AUTORELEASING = YES;
				CLANG_WARN_BOOL_CONVERSION = YES;
				CLANG_WARN_COMMA = YES;
				CLANG_WARN_CONSTANT_CONVERSION = YES;
				CLANG_WARN_DEPRECATED_OBJC_IMPLEMENTATIONS = YES;
				CLANG_WARN_DIRECT_OBJC_ISA_USAGE = YES_ERROR;
				CLANG_WARN_DOCUMENTATION_COMMENTS = YES;
				CLANG_WARN_EMPTY_BODY = YES;
				CLANG_WARN_ENUM_CONVERSION = YES;
				CLANG_WARN_INFINITE_RECURSION = YES;
				CLANG_WARN_INT_CONVERSION = YES;
				CLANG_WARN_NON_LITERAL_NULL_CONVERSION = YES;
				CLANG_WARN_OBJC_IMPLICIT_RETAIN_SELF = YES;
				CLANG_WARN_OBJC_LITERAL_CONVERSION = YES;
				CLANG_WARN_OBJC_ROOT_CLASS = YES_ERROR;
				CLANG_WARN_RANGE_LOOP_ANALYSIS = YES;
				CLANG_WARN_STRICT_PROTOTYPES = YES;
				CLANG_WARN_SUSPICIOUS_MOVE = YES;
				CLANG_WARN_UNGUARDED_AVAILABILITY = YES_AGGRESSIVE;
				CLANG_WARN_UNREACHABLE_CODE = YES;
				CLANG_WARN__DUPLICATE_METHOD_MATCH = YES;
				COPY_PHASE_STRIP = NO;
				DEBUG_INFORMATION_FORMAT = dwarf;
				ENABLE_STRICT_OBJC_MSGSEND = YES;
				ENABLE_TESTABILITY = YES;
				GCC_C_LANGUAGE_STANDARD = gnu11;
				GCC_DYNAMIC_NO_PIC = NO;
				GCC_NO_COMMON_BLOCKS = YES;
				GCC_OPTIMIZATION_LEVEL = 0;
				GCC_PREPROCESSOR_DEFINITIONS = (
					"DEBUG=1",
					"$(inherited)",
				);
				GCC_WARN_64_TO_32_BIT_CONVERSION = YES;
				GCC_WARN_ABOUT_RETURN_TYPE = YES_ERROR;
				GCC_WARN_UNDECLARED_SELECTOR = YES;
				GCC_WARN_UNINITIALIZED_AUTOS = YES_AGGRESSIVE;
				GCC_WARN_UNUSED_FUNCTION = YES;
				GCC_WARN_UNUSED_VARIABLE = YES;
				IPHONEOS_DEPLOYMENT_TARGET = 13.2;
				MTL_ENABLE_DEBUG_INFO = INCLUDE_SOURCE;
				MTL_FAST_MATH = YES;
				ONLY_ACTIVE_ARCH = YES;
				SDKROOT = iphoneos;
				SWIFT_ACTIVE_COMPILATION_CONDITIONS = DEBUG;
				SWIFT_OPTIMIZATION_LEVEL = "-Onone";
			};
			name = Debug;
		};
		A8462BDA27C772CC005D5D0B /* Release */ = {
			isa = XCBuildConfiguration;
			buildSettings = {
				ALWAYS_SEARCH_USER_PATHS = NO;
				CLANG_ANALYZER_NONNULL = YES;
				CLANG_ANALYZER_NUMBER_OBJECT_CONVERSION = YES_AGGRESSIVE;
				CLANG_CXX_LANGUAGE_STANDARD = "gnu++14";
				CLANG_CXX_LIBRARY = "libc++";
				CLANG_ENABLE_MODULES = YES;
				CLANG_ENABLE_OBJC_ARC = YES;
				CLANG_ENABLE_OBJC_WEAK = YES;
				CLANG_WARN_BLOCK_CAPTURE_AUTORELEASING = YES;
				CLANG_WARN_BOOL_CONVERSION = YES;
				CLANG_WARN_COMMA = YES;
				CLANG_WARN_CONSTANT_CONVERSION = YES;
				CLANG_WARN_DEPRECATED_OBJC_IMPLEMENTATIONS = YES;
				CLANG_WARN_DIRECT_OBJC_ISA_USAGE = YES_ERROR;
				CLANG_WARN_DOCUMENTATION_COMMENTS = YES;
				CLANG_WARN_EMPTY_BODY = YES;
				CLANG_WARN_ENUM_CONVERSION = YES;
				CLANG_WARN_INFINITE_RECURSION = YES;
				CLANG_WARN_INT_CONVERSION = YES;
				CLANG_WARN_NON_LITERAL_NULL_CONVERSION = YES;
				CLANG_WARN_OBJC_IMPLICIT_RETAIN_SELF = YES;
				CLANG_WARN_OBJC_LITERAL_CONVERSION = YES;
				CLANG_WARN_OBJC_ROOT_CLASS = YES_ERROR;
				CLANG_WARN_RANGE_LOOP_ANALYSIS = YES;
				CLANG_WARN_STRICT_PROTOTYPES = YES;
				CLANG_WARN_SUSPICIOUS_MOVE = YES;
				CLANG_WARN_UNGUARDED_AVAILABILITY = YES_AGGRESSIVE;
				CLANG_WARN_UNREACHABLE_CODE = YES;
				CLANG_WARN__DUPLICATE_METHOD_MATCH = YES;
				COPY_PHASE_STRIP = NO;
				DEBUG_INFORMATION_FORMAT = "dwarf-with-dsym";
				ENABLE_NS_ASSERTIONS = NO;
				ENABLE_STRICT_OBJC_MSGSEND = YES;
				GCC_C_LANGUAGE_STANDARD = gnu11;
				GCC_NO_COMMON_BLOCKS = YES;
				GCC_WARN_64_TO_32_BIT_CONVERSION = YES;
				GCC_WARN_ABOUT_RETURN_TYPE = YES_ERROR;
				GCC_WARN_UNDECLARED_SELECTOR = YES;
				GCC_WARN_UNINITIALIZED_AUTOS = YES_AGGRESSIVE;
				GCC_WARN_UNUSED_FUNCTION = YES;
				GCC_WARN_UNUSED_VARIABLE = YES;
				IPHONEOS_DEPLOYMENT_TARGET = 13.2;
				MTL_ENABLE_DEBUG_INFO = NO;
				MTL_FAST_MATH = YES;
				SDKROOT = iphoneos;
				SWIFT_COMPILATION_MODE = wholemodule;
				SWIFT_OPTIMIZATION_LEVEL = "-O";
				VALIDATE_PRODUCT = YES;
			};
			name = Release;
		};
		A8462BDC27C772CC005D5D0B /* Debug */ = {
			isa = XCBuildConfiguration;
			buildSettings = {
				ASSETCATALOG_COMPILER_APPICON_NAME = AppIcon;
				CODE_SIGN_STYLE = Automatic;
				DEVELOPMENT_TEAM = KLR7J39ZD5;
				INFOPLIST_FILE = SwiftPlaygroundThree/Info.plist;
				LD_RUNPATH_SEARCH_PATHS = (
					"$(inherited)",
					"@executable_path/Frameworks",
				);
				PRODUCT_BUNDLE_IDENTIFIER = UHWO.SwiftPlaygroundThree;
				PRODUCT_NAME = "$(TARGET_NAME)";
				SWIFT_VERSION = 5.0;
				TARGETED_DEVICE_FAMILY = "1,2";
			};
			name = Debug;
		};
		A8462BDD27C772CC005D5D0B /* Release */ = {
			isa = XCBuildConfiguration;
			buildSettings = {
				ASSETCATALOG_COMPILER_APPICON_NAME = AppIcon;
				CODE_SIGN_STYLE = Automatic;
				DEVELOPMENT_TEAM = KLR7J39ZD5;
				INFOPLIST_FILE = SwiftPlaygroundThree/Info.plist;
				LD_RUNPATH_SEARCH_PATHS = (
					"$(inherited)",
					"@executable_path/Frameworks",
				);
				PRODUCT_BUNDLE_IDENTIFIER = UHWO.SwiftPlaygroundThree;
				PRODUCT_NAME = "$(TARGET_NAME)";
				SWIFT_VERSION = 5.0;
				TARGETED_DEVICE_FAMILY = "1,2";
			};
			name = Release;
		};
		A8462BDF27C772CC005D5D0B /* Debug */ = {
			isa = XCBuildConfiguration;
			buildSettings = {
				ALWAYS_EMBED_SWIFT_STANDARD_LIBRARIES = YES;
				BUNDLE_LOADER = "$(TEST_HOST)";
				CODE_SIGN_STYLE = Automatic;
				DEVELOPMENT_TEAM = KLR7J39ZD5;
				INFOPLIST_FILE = SwiftPlaygroundThreeTests/Info.plist;
				IPHONEOS_DEPLOYMENT_TARGET = 13.2;
				LD_RUNPATH_SEARCH_PATHS = (
					"$(inherited)",
					"@executable_path/Frameworks",
					"@loader_path/Frameworks",
				);
				PRODUCT_BUNDLE_IDENTIFIER = UHWO.SwiftPlaygroundThreeTests;
				PRODUCT_NAME = "$(TARGET_NAME)";
				SWIFT_VERSION = 5.0;
				TARGETED_DEVICE_FAMILY = "1,2";
				TEST_HOST = "$(BUILT_PRODUCTS_DIR)/SwiftPlaygroundThree.app/SwiftPlaygroundThree";
			};
			name = Debug;
		};
		A8462BE027C772CC005D5D0B /* Release */ = {
			isa = XCBuildConfiguration;
			buildSettings = {
				ALWAYS_EMBED_SWIFT_STANDARD_LIBRARIES = YES;
				BUNDLE_LOADER = "$(TEST_HOST)";
				CODE_SIGN_STYLE = Automatic;
				DEVELOPMENT_TEAM = KLR7J39ZD5;
				INFOPLIST_FILE = SwiftPlaygroundThreeTests/Info.plist;
				IPHONEOS_DEPLOYMENT_TARGET = 13.2;
				LD_RUNPATH_SEARCH_PATHS = (
					"$(inherited)",
					"@executable_path/Frameworks",
					"@loader_path/Frameworks",
				);
				PRODUCT_BUNDLE_IDENTIFIER = UHWO.SwiftPlaygroundThreeTests;
				PRODUCT_NAME = "$(TARGET_NAME)";
				SWIFT_VERSION = 5.0;
				TARGETED_DEVICE_FAMILY = "1,2";
				TEST_HOST = "$(BUILT_PRODUCTS_DIR)/SwiftPlaygroundThree.app/SwiftPlaygroundThree";
			};
			name = Release;
		};
		A8462BE227C772CC005D5D0B /* Debug */ = {
			isa = XCBuildConfiguration;
			buildSettings = {
				ALWAYS_EMBED_SWIFT_STANDARD_LIBRARIES = YES;
				CODE_SIGN_STYLE = Automatic;
				DEVELOPMENT_TEAM = KLR7J39ZD5;
				INFOPLIST_FILE = SwiftPlaygroundThreeUITests/Info.plist;
				LD_RUNPATH_SEARCH_PATHS = (
					"$(inherited)",
					"@executable_path/Frameworks",
					"@loader_path/Frameworks",
				);
				PRODUCT_BUNDLE_IDENTIFIER = UHWO.SwiftPlaygroundThreeUITests;
				PRODUCT_NAME = "$(TARGET_NAME)";
				SWIFT_VERSION = 5.0;
				TARGETED_DEVICE_FAMILY = "1,2";
				TEST_TARGET_NAME = SwiftPlaygroundThree;
			};
			name = Debug;
		};
		A8462BE327C772CC005D5D0B /* Release */ = {
			isa = XCBuildConfiguration;
			buildSettings = {
				ALWAYS_EMBED_SWIFT_STANDARD_LIBRARIES = YES;
				CODE_SIGN_STYLE = Automatic;
				DEVELOPMENT_TEAM = KLR7J39ZD5;
				INFOPLIST_FILE = SwiftPlaygroundThreeUITests/Info.plist;
				LD_RUNPATH_SEARCH_PATHS = (
					"$(inherited)",
					"@executable_path/Frameworks",
					"@loader_path/Frameworks",
				);
				PRODUCT_BUNDLE_IDENTIFIER = UHWO.SwiftPlaygroundThreeUITests;
				PRODUCT_NAME = "$(TARGET_NAME)";
				SWIFT_VERSION = 5.0;
				TARGETED_DEVICE_FAMILY = "1,2";
				TEST_TARGET_NAME = SwiftPlaygroundThree;
			};
			name = Release;
		};
/* End XCBuildConfiguration section */

/* Begin XCConfigurationList section */
		A8462BA927C772CB005D5D0B /* Build configuration list for PBXProject "SwiftPlaygroundThree" */ = {
			isa = XCConfigurationList;
			buildConfigurations = (
				A8462BD927C772CC005D5D0B /* Debug */,
				A8462BDA27C772CC005D5D0B /* Release */,
			);
			defaultConfigurationIsVisible = 0;
			defaultConfigurationName = Release;
		};
		A8462BDB27C772CC005D5D0B /* Build configuration list for PBXNativeTarget "SwiftPlaygroundThree" */ = {
			isa = XCConfigurationList;
			buildConfigurations = (
				A8462BDC27C772CC005D5D0B /* Debug */,
				A8462BDD27C772CC005D5D0B /* Release */,
			);
			defaultConfigurationIsVisible = 0;
			defaultConfigurationName = Release;
		};
		A8462BDE27C772CC005D5D0B /* Build configuration list for PBXNativeTarget "SwiftPlaygroundThreeTests" */ = {
			isa = XCConfigurationList;
			buildConfigurations = (
				A8462BDF27C772CC005D5D0B /* Debug */,
				A8462BE027C772CC005D5D0B /* Release */,
			);
			defaultConfigurationIsVisible = 0;
			defaultConfigurationName = Release;
		};
		A8462BE127C772CC005D5D0B /* Build configuration list for PBXNativeTarget "SwiftPlaygroundThreeUITests" */ = {
			isa = XCConfigurationList;
			buildConfigurations = (
				A8462BE227C772CC005D5D0B /* Debug */,
				A8462BE327C772CC005D5D0B /* Release */,
			);
			defaultConfigurationIsVisible = 0;
			defaultConfigurationName = Release;
		};
/* End XCConfigurationList section */

/* Begin XCVersionGroup section */
		A8462BBA27C772CB005D5D0B /* SwiftPlaygroundThree.xcdatamodeld */ = {
			isa = XCVersionGroup;
			children = (
				A8462BBB27C772CB005D5D0B /* SwiftPlaygroundThree.xcdatamodel */,
			);
			currentVersion = A8462BBB27C772CB005D5D0B /* SwiftPlaygroundThree.xcdatamodel */;
			path = SwiftPlaygroundThree.xcdatamodeld;
			sourceTree = "<group>";
			versionGroupType = wrapper.xcdatamodel;
		};
/* End XCVersionGroup section */
	};
	rootObject = A8462BA627C772CB005D5D0B /* Project object */;
}
